// !$*UTF8*$!
{
	archiveVersion = 1;
	classes = {
	};
	objectVersion = 46;
	objects = {

/* Begin PBXBuildFile section */
		4E9DD3E71D19172900CACEB1 /* main.m in Sources */ = {isa = PBXBuildFile; fileRef = 4E9DD3E61D19172900CACEB1 /* main.m */; };
		4E9DD3EA1D19172900CACEB1 /* AppDelegate.m in Sources */ = {isa = PBXBuildFile; fileRef = 4E9DD3E91D19172900CACEB1 /* AppDelegate.m */; };
		4E9DD3ED1D19172900CACEB1 /* ViewController.m in Sources */ = {isa = PBXBuildFile; fileRef = 4E9DD3EC1D19172900CACEB1 /* ViewController.m */; };
		4E9DD3F01D19172900CACEB1 /* Main.storyboard in Resources */ = {isa = PBXBuildFile; fileRef = 4E9DD3EE1D19172900CACEB1 /* Main.storyboard */; };
		4E9DD3F21D19172900CACEB1 /* Assets.xcassets in Resources */ = {isa = PBXBuildFile; fileRef = 4E9DD3F11D19172900CACEB1 /* Assets.xcassets */; };
		4E9DD3F51D19172900CACEB1 /* LaunchScreen.storyboard in Resources */ = {isa = PBXBuildFile; fileRef = 4E9DD3F31D19172900CACEB1 /* LaunchScreen.storyboard */; };
		4E9DD3FE1D19174500CACEB1 /* KBCodeButton.m in Sources */ = {isa = PBXBuildFile; fileRef = 4E9DD3FD1D19174500CACEB1 /* KBCodeButton.m */; };
/* End PBXBuildFile section */

/* Begin PBXFileReference section */
		4E9DD3E21D19172900CACEB1 /* 封装倒计时按钮.app */ = {isa = PBXFileReference; explicitFileType = wrapper.application; includeInIndex = 0; path = "封装倒计时按钮.app"; sourceTree = BUILT_PRODUCTS_DIR; };
		4E9DD3E61D19172900CACEB1 /* main.m */ = {isa = PBXFileReference; lastKnownFileType = sourcecode.c.objc; path = main.m; sourceTree = "<group>"; };
		4E9DD3E81D19172900CACEB1 /* AppDelegate.h */ = {isa = PBXFileReference; lastKnownFileType = sourcecode.c.h; path = AppDelegate.h; sourceTree = "<group>"; };
		4E9DD3E91D19172900CACEB1 /* AppDelegate.m */ = {isa = PBXFileReference; lastKnownFileType = sourcecode.c.objc; path = AppDelegate.m; sourceTree = "<group>"; };
		4E9DD3EB1D19172900CACEB1 /* ViewController.h */ = {isa = PBXFileReference; lastKnownFileType = sourcecode.c.h; path = ViewController.h; sourceTree = "<group>"; };
		4E9DD3EC1D19172900CACEB1 /* ViewController.m */ = {isa = PBXFileReference; lastKnownFileType = sourcecode.c.objc; path = ViewController.m; sourceTree = "<group>"; };
		4E9DD3EF1D19172900CACEB1 /* Base */ = {isa = PBXFileReference; lastKnownFileType = file.storyboard; name = Base; path = Base.lproj/Main.storyboard; sourceTree = "<group>"; };
		4E9DD3F11D19172900CACEB1 /* Assets.xcassets */ = {isa = PBXFileReference; lastKnownFileType = folder.assetcatalog; path = Assets.xcassets; sourceTree = "<group>"; };
		4E9DD3F41D19172900CACEB1 /* Base */ = {isa = PBXFileReference; lastKnownFileType = file.storyboard; name = Base; path = Base.lproj/LaunchScreen.storyboard; sourceTree = "<group>"; };
		4E9DD3F61D19172900CACEB1 /* Info.plist */ = {isa = PBXFileReference; lastKnownFileType = text.plist.xml; path = Info.plist; sourceTree = "<group>"; };
		4E9DD3FC1D19174500CACEB1 /* KBCodeButton.h */ = {isa = PBXFileReference; fileEncoding = 4; lastKnownFileType = sourcecode.c.h; path = KBCodeButton.h; sourceTree = "<group>"; };
		4E9DD3FD1D19174500CACEB1 /* KBCodeButton.m */ = {isa = PBXFileReference; fileEncoding = 4; lastKnownFileType = sourcecode.c.objc; path = KBCodeButton.m; sourceTree = "<group>"; };
/* End PBXFileReference section */

/* Begin PBXFrameworksBuildPhase section */
		4E9DD3DF1D19172900CACEB1 /* Frameworks */ = {
			isa = PBXFrameworksBuildPhase;
			buildActionMask = 2147483647;
			files = (
			);
			runOnlyForDeploymentPostprocessing = 0;
		};
/* End PBXFrameworksBuildPhase section */

/* Begin PBXGroup section */
		4E9DD3D91D19172900CACEB1 = {
			isa = PBXGroup;
			children = (
				4E9DD3E41D19172900CACEB1 /* 封装倒计时按钮 */,
				4E9DD3E31D19172900CACEB1 /* Products */,
			);
			sourceTree = "<group>";
		};
		4E9DD3E31D19172900CACEB1 /* Products */ = {
			isa = PBXGroup;
			children = (
				4E9DD3E21D19172900CACEB1 /* 封装倒计时按钮.app */,
			);
			name = Products;
			sourceTree = "<group>";
		};
		4E9DD3E41D19172900CACEB1 /* 封装倒计时按钮 */ = {
			isa = PBXGroup;
			children = (
				4E9DD3E81D19172900CACEB1 /* AppDelegate.h */,
				4E9DD3E91D19172900CACEB1 /* AppDelegate.m */,
				4E9DD3EB1D19172900CACEB1 /* ViewController.h */,
				4E9DD3EC1D19172900CACEB1 /* ViewController.m */,
				4E9DD3FC1D19174500CACEB1 /* KBCodeButton.h */,
				4E9DD3FD1D19174500CACEB1 /* KBCodeButton.m */,
				4E9DD3EE1D19172900CACEB1 /* Main.storyboard */,
				4E9DD3F11D19172900CACEB1 /* Assets.xcassets */,
				4E9DD3F31D19172900CACEB1 /* LaunchScreen.storyboard */,
				4E9DD3F61D19172900CACEB1 /* Info.plist */,
				4E9DD3E51D19172900CACEB1 /* Supporting Files */,
			);
			path = "封装倒计时按钮";
			sourceTree = "<group>";
		};
		4E9DD3E51D19172900CACEB1 /* Supporting Files */ = {
			isa = PBXGroup;
			children = (
				4E9DD3E61D19172900CACEB1 /* main.m */,
			);
			name = "Supporting Files";
			sourceTree = "<group>";
		};
/* End PBXGroup section */

/* Begin PBXNativeTarget section */
		4E9DD3E11D19172900CACEB1 /* 封装倒计时按钮 */ = {
			isa = PBXNativeTarget;
			buildConfigurationList = 4E9DD3F91D19172900CACEB1 /* Build configuration list for PBXNativeTarget "封装倒计时按钮" */;
			buildPhases = (
				4E9DD3DE1D19172900CACEB1 /* Sources */,
				4E9DD3DF1D19172900CACEB1 /* Frameworks */,
				4E9DD3E01D19172900CACEB1 /* Resources */,
			);
			buildRules = (
			);
			dependencies = (
			);
			name = "封装倒计时按钮";
			productName = "封装倒计时按钮";
			productReference = 4E9DD3E21D19172900CACEB1 /* 封装倒计时按钮.app */;
			productType = "com.apple.product-type.application";
		};
/* End PBXNativeTarget section */

/* Begin PBXProject section */
		4E9DD3DA1D19172900CACEB1 /* Project object */ = {
			isa = PBXProject;
			attributes = {
				LastUpgradeCheck = 0730;
				ORGANIZATIONNAME = kangbing;
				TargetAttributes = {
					4E9DD3E11D19172900CACEB1 = {
						CreatedOnToolsVersion = 7.3;
					};
				};
			};
			buildConfigurationList = 4E9DD3DD1D19172900CACEB1 /* Build configuration list for PBXProject "封装倒计时按钮" */;
			compatibilityVersion = "Xcode 3.2";
			developmentRegion = English;
			hasScannedForEncodings = 0;
			knownRegions = (
				en,
				Base,
			);
			mainGroup = 4E9DD3D91D19172900CACEB1;
			productRefGroup = 4E9DD3E31D19172900CACEB1 /* Products */;
			projectDirPath = "";
			projectRoot = "";
			targets = (
				4E9DD3E11D19172900CACEB1 /* 封装倒计时按钮 */,
			);
		};
/* End PBXProject section */

/* Begin PBXResourcesBuildPhase section */
		4E9DD3E01D19172900CACEB1 /* Resources */ = {
			isa = PBXResourcesBuildPhase;
			buildActionMask = 2147483647;
			files = (
				4E9DD3F51D19172900CACEB1 /* LaunchScreen.storyboard in Resources */,
				4E9DD3F21D19172900CACEB1 /* Assets.xcassets in Resources */,
				4E9DD3F01D19172900CACEB1 /* Main.storyboard in Resources */,
			);
			runOnlyForDeploymentPostprocessing = 0;
		};
/* End PBXResourcesBuildPhase section */

/* Begin PBXSourcesBuildPhase section */
		4E9DD3DE1D19172900CACEB1 /* Sources */ = {
			isa = PBXSourcesBuildPhase;
			buildActionMask = 2147483647;
			files = (
				4E9DD3ED1D19172900CACEB1 /* ViewController.m in Sources */,
				4E9DD3FE1D19174500CACEB1 /* KBCodeButton.m in Sources */,
				4E9DD3EA1D19172900CACEB1 /* AppDelegate.m in Sources */,
				4E9DD3E71D19172900CACEB1 /* main.m in Sources */,
			);
			runOnlyForDeploymentPostprocessing = 0;
		};
/* End PBXSourcesBuildPhase section */

/* Begin PBXVariantGroup section */
		4E9DD3EE1D19172900CACEB1 /* Main.storyboard */ = {
			isa = PBXVariantGroup;
			children = (
				4E9DD3EF1D19172900CACEB1 /* Base */,
			);
			name = Main.storyboard;
			sourceTree = "<group>";
		};
		4E9DD3F31D19172900CACEB1 /* LaunchScreen.storyboard */ = {
			isa = PBXVariantGroup;
			children = (
				4E9DD3F41D19172900CACEB1 /* Base */,
			);
			name = LaunchScreen.storyboard;
			sourceTree = "<group>";
		};
/* End PBXVariantGroup section */

/* Begin XCBuildConfiguration section */
		4E9DD3F71D19172900CACEB1 /* Debug */ = {
			isa = XCBuildConfiguration;
			buildSettings = {
				ALWAYS_SEARCH_USER_PATHS = NO;
				CLANG_ANALYZER_NONNULL = YES;
				CLANG_CXX_LANGUAGE_STANDARD = "gnu++0x";
				CLANG_CXX_LIBRARY = "libc++";
				CLANG_ENABLE_MODULES = YES;
				CLANG_ENABLE_OBJC_ARC = YES;
				CLANG_WARN_BOOL_CONVERSION = YES;
				CLANG_WARN_CONSTANT_CONVERSION = YES;
				CLANG_WARN_DIRECT_OBJC_ISA_USAGE = YES_ERROR;
				CLANG_WARN_EMPTY_BODY = YES;
				CLANG_WARN_ENUM_CONVERSION = YES;
				CLANG_WARN_INT_CONVERSION = YES;
				CLANG_WARN_OBJC_ROOT_CLASS = YES_ERROR;
				CLANG_WARN_UNREACHABLE_CODE = YES;
				CLANG_WARN__DUPLICATE_METHOD_MATCH = YES;
				"CODE_SIGN_IDENTITY[sdk=iphoneos*]" = "iPhone Developer";
				COPY_PHASE_STRIP = NO;
				DEBUG_INFORMATION_FORMAT = dwarf;
				ENABLE_STRICT_OBJC_MSGSEND = YES;
				ENABLE_TESTABILITY = YES;
				GCC_C_LANGUAGE_STANDARD = gnu99;
				GCC_DYNAMIC_NO_PIC = NO;
				GCC_NO_COMMON_BLOCKS = YES;
				GCC_OPTIMIZATION_LEVEL = 0;
				GCC_PREPROCESSOR_DEFINITIONS = (
					"DEBUG=1",
					"$(inherited)",
				);
				GCC_WARN_64_TO_32_BIT_CONVERSION = YES;
				GCC_WARN_ABOUT_RETURN_TYPE = YES_ERROR;
				GCC_WARN_UNDECLARED_SELECTOR = YES;
				GCC_WARN_UNINITIALIZED_AUTOS = YES_AGGRESSIVE;
				GCC_WARN_UNUSED_FUNCTION = YES;
				GCC_WARN_UNUSED_VARIABLE = YES;
				IPHONEOS_DEPLOYMENT_TARGET = 9.3;
				MTL_ENABLE_DEBUG_INFO = YES;
				ONLY_ACTIVE_ARCH = YES;
				SDKROOT = iphoneos;
				TARGETED_DEVICE_FAMILY = "1,2";
			};
			name = Debug;
		};
		4E9DD3F81D19172900CACEB1 /* Release */ = {
			isa = XCBuildConfiguration;
			buildSettings = {
				ALWAYS_SEARCH_USER_PATHS = NO;
				CLANG_ANALYZER_NONNULL = YES;
				CLANG_CXX_LANGUAGE_STANDARD = "gnu++0x";
				CLANG_CXX_LIBRARY = "libc++";
				CLANG_ENABLE_MODULES = YES;
				CLANG_ENABLE_OBJC_ARC = YES;
				CLANG_WARN_BOOL_CONVERSION = YES;
				CLANG_WARN_CONSTANT_CONVERSION = YES;
				CLANG_WARN_DIRECT_OBJC_ISA_USAGE = YES_ERROR;
				CLANG_WARN_EMPTY_BODY = YES;
				CLANG_WARN_ENUM_CONVERSION = YES;
				CLANG_WARN_INT_CONVERSION = YES;
				CLANG_WARN_OBJC_ROOT_CLASS = YES_ERROR;
				CLANG_WARN_UNREACHABLE_CODE = YES;
				CLANG_WARN__DUPLICATE_METHOD_MATCH = YES;
				"CODE_SIGN_IDENTITY[sdk=iphoneos*]" = "iPhone Developer";
				COPY_PHASE_STRIP = NO;
				DEBUG_INFORMATION_FORMAT = "dwarf-with-dsym";
				ENABLE_NS_ASSERTIONS = NO;
				ENABLE_STRICT_OBJC_MSGSEND = YES;
				GCC_C_LANGUAGE_STANDARD = gnu99;
				GCC_NO_COMMON_BLOCKS = YES;
				GCC_WARN_64_TO_32_BIT_CONVERSION = YES;
				GCC_WARN_ABOUT_RETURN_TYPE = YES_ERROR;
				GCC_WARN_UNDECLARED_SELECTOR = YES;
				GCC_WARN_UNINITIALIZED_AUTOS = YES_AGGRESSIVE;
				GCC_WARN_UNUSED_FUNCTION = YES;
				GCC_WARN_UNUSED_VARIABLE = YES;
				IPHONEOS_DEPLOYMENT_TARGET = 9.3;
				MTL_ENABLE_DEBUG_INFO = NO;
				SDKROOT = iphoneos;
				TARGETED_DEVICE_FAMILY = "1,2";
				VALIDATE_PRODUCT = YES;
			};
			name = Release;
		};
		4E9DD3FA1D19172900CACEB1 /* Debug */ = {
			isa = XCBuildConfiguration;
			buildSettings = {
				ASSETCATALOG_COMPILER_APPICON_NAME = AppIcon;
				INFOPLIST_FILE = "封装倒计时按钮/Info.plist";
				LD_RUNPATH_SEARCH_PATHS = "$(inherited) @executable_path/Frameworks";
				PRODUCT_BUNDLE_IDENTIFIER = "cn.kangbing.-------";
				PRODUCT_NAME = "$(TARGET_NAME)";
			};
			name = Debug;
		};
		4E9DD3FB1D19172900CACEB1 /* Release */ = {
			isa = XCBuildConfiguration;
			buildSettings = {
				ASSETCATALOG_COMPILER_APPICON_NAME = AppIcon;
				INFOPLIST_FILE = "封装倒计时按钮/Info.plist";
				LD_RUNPATH_SEARCH_PATHS = "$(inherited) @executable_path/Frameworks";
				PRODUCT_BUNDLE_IDENTIFIER = "cn.kangbing.-------";
				PRODUCT_NAME = "$(TARGET_NAME)";
			};
			name = Release;
		};
/* End XCBuildConfiguration section */

/* Begin XCConfigurationList section */
		4E9DD3DD1D19172900CACEB1 /* Build configuration list for PBXProject "封装倒计时按钮" */ = {
			isa = XCConfigurationList;
			buildConfigurations = (
				4E9DD3F71D19172900CACEB1 /* Debug */,
				4E9DD3F81D19172900CACEB1 /* Release */,
			);
			defaultConfigurationIsVisible = 0;
			defaultConfigurationName = Release;
		};
		4E9DD3F91D19172900CACEB1 /* Build configuration list for PBXNativeTarget "封装倒计时按钮" */ = {
			isa = XCConfigurationList;
			buildConfigurations = (
				4E9DD3FA1D19172900CACEB1 /* Debug */,
				4E9DD3FB1D19172900CACEB1 /* Release */,
			);
			defaultConfigurationIsVisible = 0;
		};
/* End XCConfigurationList section */
	};
	rootObject = 4E9DD3DA1D19172900CACEB1 /* Project object */;
}
